PODS:
  - flutter_discord_rpc (0.0.1)
  - FlutterMacOS (1.0.0)

DEPENDENCIES:
  - flutter_discord_rpc (from `Flutter/ephemeral/.symlinks/plugins/flutter_discord_rpc/macos`)
  - FlutterMacOS (from `Flutter/ephemeral`)

EXTERNAL SOURCES:
  flutter_discord_rpc:
    :path: Flutter/ephemeral/.symlinks/plugins/flutter_discord_rpc/macos
  FlutterMacOS:
    :path: Flutter/ephemeral

SPEC CHECKSUMS:
  flutter_discord_rpc: 53b006f68ef620a99fe1b3ba7e83513f3ae95b4c
  FlutterMacOS: 8f6f14fa908a6fb3fba0cd85dbd81ec4b251fb24

PODFILE CHECKSUM: 236401fc2c932af29a9fcf0e97baeeb2d750d367

COCOAPODS: 1.15.2
